
Microsoft Visual Studio Solution File, Format Version 12.00
# Visual Studio Version 16
VisualStudioVersion = 16.0.31729.503
MinimumVisualStudioVersion = 10.0.40219.1
Project("{FAE04EC0-301F-11D3-BF4B-00C04F79EFBC}") = "AutomotrizApp", "AutomotrizApp.csproj", "{6E50336C-0A43-4D29-9BF3-BEB966E8FE52}"
EndProject
Global
	GlobalSection(SolutionConfigurationPlatforms) = preSolution
		Debug|Any CPU = Debug|Any CPU
		Release|Any CPU = Release|Any CPU
	EndGlobalSection
	GlobalSection(ProjectConfigurationPlatforms) = postSolution
		{6E50336C-0A43-4D29-9BF3-BEB966E8FE52}.Debug|Any CPU.ActiveCfg = Debug|Any CPU
		{6E50336C-0A43-4D29-9BF3-BEB966E8FE52}.Debug|Any CPU.Build.0 = Debug|Any CPU
		{6E50336C-0A43-4D29-9BF3-BEB966E8FE52}.Release|Any CPU.ActiveCfg = Release|Any CPU
		{6E50336C-0A43-4D29-9BF3-BEB966E8FE52}.Release|Any CPU.Build.0 = Release|Any CPU
	EndGlobalSection
	GlobalSection(SolutionProperties) = preSolution
		HideSolutionNode = FALSE
	EndGlobalSection
	GlobalSection(ExtensibilityGlobals) = postSolution
		SolutionGuid = {316C4AEA-5BA8-4FA9-99F0-2D1B49756536}
	EndGlobalSection
EndGlobal
